// !$*UTF8*$!
{
	archiveVersion = 1;
	classes = {
	};
	objectVersion = 50;
	objects = {

/* Begin PBXBuildFile section */
		080015A3272730F400E1BE4C /* Gearlist+Extension.swift in Sources */ = {isa = PBXBuildFile; fileRef = 080015A2272730F400E1BE4C /* Gearlist+Extension.swift */; };
		080015A5272731DB00E1BE4C /* EditableGearlistData.swift in Sources */ = {isa = PBXBuildFile; fileRef = 080015A4272731DB00E1BE4C /* EditableGearlistData.swift */; };
		080015AA27277C2B00E1BE4C /* OffsetTabView.swift in Sources */ = {isa = PBXBuildFile; fileRef = 080015A727277C2B00E1BE4C /* OffsetTabView.swift */; };
		080015AB27277C2B00E1BE4C /* Home.swift in Sources */ = {isa = PBXBuildFile; fileRef = 080015A827277C2B00E1BE4C /* Home.swift */; };
		080015AC27277C2B00E1BE4C /* PagerHelper.swift in Sources */ = {isa = PBXBuildFile; fileRef = 080015A927277C2B00E1BE4C /* PagerHelper.swift */; };
		080015AF272787E700E1BE4C /* AllRegretsView.swift in Sources */ = {isa = PBXBuildFile; fileRef = 080015AE272787E700E1BE4C /* AllRegretsView.swift */; };
		08371B25271A42890072AD94 /* TestView.swift in Sources */ = {isa = PBXBuildFile; fileRef = 08371B24271A42890072AD94 /* TestView.swift */; };
		08371B2A271AA4DB0072AD94 /* HomeView.swift in Sources */ = {isa = PBXBuildFile; fileRef = 08371B29271AA4DB0072AD94 /* HomeView.swift */; };
		08371B30271AB4940072AD94 /* Blur.swift in Sources */ = {isa = PBXBuildFile; fileRef = 08371B2F271AB4940072AD94 /* Blur.swift */; };
		08371B3B271B72BF0072AD94 /* Date.swift in Sources */ = {isa = PBXBuildFile; fileRef = 08371B35271B72BF0072AD94 /* Date.swift */; };
		08371B3C271B72BF0072AD94 /* Double.swift in Sources */ = {isa = PBXBuildFile; fileRef = 08371B36271B72BF0072AD94 /* Double.swift */; };
		08371B3D271B72BF0072AD94 /* Color.swift in Sources */ = {isa = PBXBuildFile; fileRef = 08371B37271B72BF0072AD94 /* Color.swift */; };
		08371B3F271B72BF0072AD94 /* UIApplication.swift in Sources */ = {isa = PBXBuildFile; fileRef = 08371B39271B72BF0072AD94 /* UIApplication.swift */; };
		08371B40271B72BF0072AD94 /* String.swift in Sources */ = {isa = PBXBuildFile; fileRef = 08371B3A271B72BF0072AD94 /* String.swift */; };
		08371B48271BB1DC0072AD94 /* GearlistContextMenu.swift in Sources */ = {isa = PBXBuildFile; fileRef = 08371B47271BB1DC0072AD94 /* GearlistContextMenu.swift */; };
		08371B4A271BB2F30072AD94 /* GearlistData.swift in Sources */ = {isa = PBXBuildFile; fileRef = 08371B49271BB2F30072AD94 /* GearlistData.swift */; };
		08371B50271BC5010072AD94 /* GearShedData.swift in Sources */ = {isa = PBXBuildFile; fileRef = 08371B4F271BC5010072AD94 /* GearShedData.swift */; };
		08371B56271C8ABD0072AD94 /* Sorting+Extension.swift in Sources */ = {isa = PBXBuildFile; fileRef = 08371B55271C8ABD0072AD94 /* Sorting+Extension.swift */; };
		08371B5B271D0B1C0072AD94 /* NavBarColorModifier.swift in Sources */ = {isa = PBXBuildFile; fileRef = 08371B5A271D0B1B0072AD94 /* NavBarColorModifier.swift */; };
		08371B5D271DFEA20072AD94 /* AllItemsView.swift in Sources */ = {isa = PBXBuildFile; fileRef = 08371B5C271DFEA20072AD94 /* AllItemsView.swift */; };
		08371B5F271DFEC90072AD94 /* AllCategoryView.swift in Sources */ = {isa = PBXBuildFile; fileRef = 08371B5E271DFEC90072AD94 /* AllCategoryView.swift */; };
		08371B61271DFED90072AD94 /* AllBrandView.swift in Sources */ = {isa = PBXBuildFile; fileRef = 08371B60271DFED90072AD94 /* AllBrandView.swift */; };
		08371B63271DFEE60072AD94 /* AllFavouriteView.swift in Sources */ = {isa = PBXBuildFile; fileRef = 08371B62271DFEE60072AD94 /* AllFavouriteView.swift */; };
		08371B65271DFEF80072AD94 /* AllWishListView.swift in Sources */ = {isa = PBXBuildFile; fileRef = 08371B64271DFEF80072AD94 /* AllWishListView.swift */; };
		08371B69271E029B0072AD94 /* TagRowView.swift in Sources */ = {isa = PBXBuildFile; fileRef = 08371B68271E029B0072AD94 /* TagRowView.swift */; };
		08371B6E271E08A20072AD94 /* tags.json in Resources */ = {isa = PBXBuildFile; fileRef = 08371B6D271E08A20072AD94 /* tags.json */; };
		08371B70271E56C00072AD94 /* AddOrModifyTagView.swift in Sources */ = {isa = PBXBuildFile; fileRef = 08371B6F271E56C00072AD94 /* AddOrModifyTagView.swift */; };
		08371B72271E5B6D0072AD94 /* ItemDetailView.swift in Sources */ = {isa = PBXBuildFile; fileRef = 08371B71271E5B6D0072AD94 /* ItemDetailView.swift */; };
		084EDA11272B5C9900475891 /* HelveticaNeue.ttc in Resources */ = {isa = PBXBuildFile; fileRef = 084EDA10272B5C9800475891 /* HelveticaNeue.ttc */; };
		084EDA13272BAE2B00475891 /* ContentView.swift in Sources */ = {isa = PBXBuildFile; fileRef = 084EDA12272BAE2B00475891 /* ContentView.swift */; };
		084EDA15272BAFD900475891 /* CustomTabBar.swift in Sources */ = {isa = PBXBuildFile; fileRef = 084EDA14272BAFD800475891 /* CustomTabBar.swift */; };
		0853ABF8271F824700123497 /* ModifyBrandView.swift in Sources */ = {isa = PBXBuildFile; fileRef = 0853ABF7271F824700123497 /* ModifyBrandView.swift */; };
		0853ABFA271F876F00123497 /* ModifyShedView.swift in Sources */ = {isa = PBXBuildFile; fileRef = 0853ABF9271F876F00123497 /* ModifyShedView.swift */; };
		0853ABFC271F8E3300123497 /* BrandDetailView.swift in Sources */ = {isa = PBXBuildFile; fileRef = 0853ABFB271F8E3300123497 /* BrandDetailView.swift */; };
		0853ABFE271F8EF100123497 /* ShedDetailView.swift in Sources */ = {isa = PBXBuildFile; fileRef = 0853ABFD271F8EF100123497 /* ShedDetailView.swift */; };
		0853AC00271F983000123497 /* StatBarView.swift in Sources */ = {isa = PBXBuildFile; fileRef = 0853ABFF271F983000123497 /* StatBarView.swift */; };
		086C925227238D03009F962D /* ModifyItemView.swift in Sources */ = {isa = PBXBuildFile; fileRef = 086C925127238D03009F962D /* ModifyItemView.swift */; };
		08A7CFFB2728A088006FA3F7 /* AddMoreItemView.swift in Sources */ = {isa = PBXBuildFile; fileRef = 08A7CFFA2728A088006FA3F7 /* AddMoreItemView.swift */; };
		08A7CFFD2728D25D006FA3F7 /* CustomAlert.swift in Sources */ = {isa = PBXBuildFile; fileRef = 08A7CFFC2728D25D006FA3F7 /* CustomAlert.swift */; };
		08A7D0002729F597006FA3F7 /* ItemRowViewInBrand.swift in Sources */ = {isa = PBXBuildFile; fileRef = 08A7CFFF2729F597006FA3F7 /* ItemRowViewInBrand.swift */; };
		08A7D0022729F5C6006FA3F7 /* ItemRowViewInShed.swift in Sources */ = {isa = PBXBuildFile; fileRef = 08A7D0012729F5C6006FA3F7 /* ItemRowViewInShed.swift */; };
		08A7D0042729F604006FA3F7 /* ItemRowViewForList.swift in Sources */ = {isa = PBXBuildFile; fileRef = 08A7D0032729F604006FA3F7 /* ItemRowViewForList.swift */; };
		08A7D0062729F62F006FA3F7 /* ItemRowViewInWishlist.swift in Sources */ = {isa = PBXBuildFile; fileRef = 08A7D0052729F62F006FA3F7 /* ItemRowViewInWishlist.swift */; };
		08A7D00C2729FBCF006FA3F7 /* CloudKit.framework in Frameworks */ = {isa = PBXBuildFile; fileRef = 08A7D00B2729FBCF006FA3F7 /* CloudKit.framework */; };
		08C7D8A0270F3D1800EC3984 /* GearShedApp.swift in Sources */ = {isa = PBXBuildFile; fileRef = 08C7D89F270F3D1800EC3984 /* GearShedApp.swift */; };
		08C7D8A2270F3D1800EC3984 /* MainView.swift in Sources */ = {isa = PBXBuildFile; fileRef = 08C7D8A1270F3D1800EC3984 /* MainView.swift */; };
		08C7D8A4270F3D1D00EC3984 /* Assets.xcassets in Resources */ = {isa = PBXBuildFile; fileRef = 08C7D8A3270F3D1D00EC3984 /* Assets.xcassets */; };
		08C7D8A7270F3D1D00EC3984 /* Preview Assets.xcassets in Resources */ = {isa = PBXBuildFile; fileRef = 08C7D8A6270F3D1D00EC3984 /* Preview Assets.xcassets */; };
		08C7D8A9270F3D1D00EC3984 /* PersistentStore.swift in Sources */ = {isa = PBXBuildFile; fileRef = 08C7D8A8270F3D1D00EC3984 /* PersistentStore.swift */; };
		08C7D8AC270F3D1D00EC3984 /* GearShed.xcdatamodeld in Sources */ = {isa = PBXBuildFile; fileRef = 08C7D8AA270F3D1D00EC3984 /* GearShed.xcdatamodeld */; };
		08C7D8B8270F41CC00EC3984 /* GearShedView.swift in Sources */ = {isa = PBXBuildFile; fileRef = 08C7D8B7270F41CC00EC3984 /* GearShedView.swift */; };
		08C7D8BA270F41F300EC3984 /* GearlistView.swift in Sources */ = {isa = PBXBuildFile; fileRef = 08C7D8B9270F41F300EC3984 /* GearlistView.swift */; };
		08C7D8BC270F422800EC3984 /* PreferencesTabView.swift in Sources */ = {isa = PBXBuildFile; fileRef = 08C7D8BB270F422800EC3984 /* PreferencesTabView.swift */; };
		08C7D8BE270F42AD00EC3984 /* DevTools.swift in Sources */ = {isa = PBXBuildFile; fileRef = 08C7D8BD270F42AD00EC3984 /* DevTools.swift */; };
		08C7D8C8270F475A00EC3984 /* String+Extensions.swift in Sources */ = {isa = PBXBuildFile; fileRef = 08C7D8C1270F475A00EC3984 /* String+Extensions.swift */; };
		08C7D8C9270F475A00EC3984 /* Sequence+Extensions.swift in Sources */ = {isa = PBXBuildFile; fileRef = 08C7D8C2270F475A00EC3984 /* Sequence+Extensions.swift */; };
		08C7D8CA270F475A00EC3984 /* View+Extensions.swift in Sources */ = {isa = PBXBuildFile; fileRef = 08C7D8C3270F475A00EC3984 /* View+Extensions.swift */; };
		08C7D8CB270F475A00EC3984 /* Bundle+Extensions.swift in Sources */ = {isa = PBXBuildFile; fileRef = 08C7D8C4270F475A00EC3984 /* Bundle+Extensions.swift */; };
		08C7D8CC270F475A00EC3984 /* NotificationName+Extensions.swift in Sources */ = {isa = PBXBuildFile; fileRef = 08C7D8C5270F475A00EC3984 /* NotificationName+Extensions.swift */; };
		08C7D8CD270F475A00EC3984 /* Date+Extensions.swift in Sources */ = {isa = PBXBuildFile; fileRef = 08C7D8C6270F475A00EC3984 /* Date+Extensions.swift */; };
		08C7D8CE270F475A00EC3984 /* NSManagedObject+Extensions.swift in Sources */ = {isa = PBXBuildFile; fileRef = 08C7D8C7270F475A00EC3984 /* NSManagedObject+Extensions.swift */; };
		08C7D8D8270F480E00EC3984 /* CategorysTabView.swift in Sources */ = {isa = PBXBuildFile; fileRef = 08C7D8D0270F480D00EC3984 /* CategorysTabView.swift */; };
		08C7D8D9270F480E00EC3984 /* LocationsListViewModel.swift in Sources */ = {isa = PBXBuildFile; fileRef = 08C7D8D1270F480D00EC3984 /* LocationsListViewModel.swift */; };
		08C7D8DA270F480E00EC3984 /* ShedRowView.swift in Sources */ = {isa = PBXBuildFile; fileRef = 08C7D8D2270F480D00EC3984 /* ShedRowView.swift */; };
		08C7D8DB270F480E00EC3984 /* AddShedView.swift in Sources */ = {isa = PBXBuildFile; fileRef = 08C7D8D3270F480D00EC3984 /* AddShedView.swift */; };
		08C7D8DC270F480E00EC3984 /* BrandRowView.swift in Sources */ = {isa = PBXBuildFile; fileRef = 08C7D8D5270F480E00EC3984 /* BrandRowView.swift */; };
		08C7D8DD270F480E00EC3984 /* BrandsTabView.swift in Sources */ = {isa = PBXBuildFile; fileRef = 08C7D8D6270F480E00EC3984 /* BrandsTabView.swift */; };
		08C7D8DE270F480E00EC3984 /* AddBrandView.swift in Sources */ = {isa = PBXBuildFile; fileRef = 08C7D8D7270F480E00EC3984 /* AddBrandView.swift */; };
		08C7D8E5270F485300EC3984 /* EditableItemData.swift in Sources */ = {isa = PBXBuildFile; fileRef = 08C7D8E1270F485200EC3984 /* EditableItemData.swift */; };
		08C7D8F1270F65E100EC3984 /* EmptyTripView.swift in Sources */ = {isa = PBXBuildFile; fileRef = 08C7D8E8270F65E100EC3984 /* EmptyTripView.swift */; };
		08C7D8F2270F65E100EC3984 /* SearchBarView.swift in Sources */ = {isa = PBXBuildFile; fileRef = 08C7D8E9270F65E100EC3984 /* SearchBarView.swift */; };
		08C7D8F3270F65E100EC3984 /* SLSliderControl.swift in Sources */ = {isa = PBXBuildFile; fileRef = 08C7D8EA270F65E100EC3984 /* SLSliderControl.swift */; };
		08C7D8F4270F65E100EC3984 /* SLFormLabelText.swift in Sources */ = {isa = PBXBuildFile; fileRef = 08C7D8EB270F65E100EC3984 /* SLFormLabelText.swift */; };
		08C7D8F5270F65E100EC3984 /* EmptyCatelogView.swift in Sources */ = {isa = PBXBuildFile; fileRef = 08C7D8EC270F65E100EC3984 /* EmptyCatelogView.swift */; };
		08C7D8F6270F65E100EC3984 /* SLSimpleHeaderView.swift in Sources */ = {isa = PBXBuildFile; fileRef = 08C7D8ED270F65E100EC3984 /* SLSimpleHeaderView.swift */; };
		08C7D8F7270F65E100EC3984 /* SLCenteredButton.swift in Sources */ = {isa = PBXBuildFile; fileRef = 08C7D8EE270F65E100EC3984 /* SLCenteredButton.swift */; };
		08C7D8F8270F65E100EC3984 /* SLSectionHeaderView.swift in Sources */ = {isa = PBXBuildFile; fileRef = 08C7D8EF270F65E100EC3984 /* SLSectionHeaderView.swift */; };
		08C7D8F9270F65E100EC3984 /* SelectionIndicatorView.swift in Sources */ = {isa = PBXBuildFile; fileRef = 08C7D8F0270F65E100EC3984 /* SelectionIndicatorView.swift */; };
		08C7D8FB270F66EB00EC3984 /* AddItemView.swift in Sources */ = {isa = PBXBuildFile; fileRef = 08C7D8FA270F66EB00EC3984 /* AddItemView.swift */; };
		08C7D900270F680400EC3984 /* ConfirmationAlerts.swift in Sources */ = {isa = PBXBuildFile; fileRef = 08C7D8FD270F680400EC3984 /* ConfirmationAlerts.swift */; };
		08C7D902270F680400EC3984 /* ConfirmationAlertProtocol.swift in Sources */ = {isa = PBXBuildFile; fileRef = 08C7D8FF270F680400EC3984 /* ConfirmationAlertProtocol.swift */; };
		08C7D904270F68EE00EC3984 /* ItemListDisplay.swift in Sources */ = {isa = PBXBuildFile; fileRef = 08C7D903270F68EE00EC3984 /* ItemListDisplay.swift */; };
		08C7D909270F6D1D00EC3984 /* Item+Extensions.swift in Sources */ = {isa = PBXBuildFile; fileRef = 08C7D906270F6D1D00EC3984 /* Item+Extensions.swift */; };
		08C7D90A270F6D1D00EC3984 /* Category+Extensions.swift in Sources */ = {isa = PBXBuildFile; fileRef = 08C7D907270F6D1D00EC3984 /* Category+Extensions.swift */; };
		08C7D90B270F6D1D00EC3984 /* Brand+Extension.swift in Sources */ = {isa = PBXBuildFile; fileRef = 08C7D908270F6D1D00EC3984 /* Brand+Extension.swift */; };
		08C7D910270F6DFC00EC3984 /* BrandCodableProxy.swift in Sources */ = {isa = PBXBuildFile; fileRef = 08C7D90D270F6DFC00EC3984 /* BrandCodableProxy.swift */; };
		08C7D911270F6DFC00EC3984 /* ItemCodableProxy.swift in Sources */ = {isa = PBXBuildFile; fileRef = 08C7D90E270F6DFC00EC3984 /* ItemCodableProxy.swift */; };
		08C7D912270F6DFC00EC3984 /* CategoryCodableProxy.swift in Sources */ = {isa = PBXBuildFile; fileRef = 08C7D90F270F6DFC00EC3984 /* CategoryCodableProxy.swift */; };
		08C7D916270F6E1600EC3984 /* sheds.json in Resources */ = {isa = PBXBuildFile; fileRef = 08C7D913270F6E1600EC3984 /* sheds.json */; };
		08C7D917270F6E1600EC3984 /* brands.json in Resources */ = {isa = PBXBuildFile; fileRef = 08C7D914270F6E1600EC3984 /* brands.json */; };
		08C7D918270F6E1600EC3984 /* items.json in Resources */ = {isa = PBXBuildFile; fileRef = 08C7D915270F6E1600EC3984 /* items.json */; };
		08C7D91A270F70F400EC3984 /* AllGearLists.swift in Sources */ = {isa = PBXBuildFile; fileRef = 08C7D919270F70F400EC3984 /* AllGearLists.swift */; };
		08C7D91C270F719B00EC3984 /* ItemRowView.swift in Sources */ = {isa = PBXBuildFile; fileRef = 08C7D91B270F719B00EC3984 /* ItemRowView.swift */; };
		08C7D920270F72F700EC3984 /* ItemContextMenu.swift in Sources */ = {isa = PBXBuildFile; fileRef = 08C7D91E270F72F700EC3984 /* ItemContextMenu.swift */; };
		08C7D921270F72F700EC3984 /* SectionData.swift in Sources */ = {isa = PBXBuildFile; fileRef = 08C7D91F270F72F700EC3984 /* SectionData.swift */; };
		08C7D923270F7AFC00EC3984 /* EditableTripData.swift in Sources */ = {isa = PBXBuildFile; fileRef = 08C7D922270F7AFC00EC3984 /* EditableTripData.swift */; };
		08C7D925270F7BFB00EC3984 /* Trip+Extension.swift in Sources */ = {isa = PBXBuildFile; fileRef = 08C7D924270F7BFB00EC3984 /* Trip+Extension.swift */; };
		08C7D927270F7DC200EC3984 /* GearlistRowView.swift in Sources */ = {isa = PBXBuildFile; fileRef = 08C7D926270F7DC200EC3984 /* GearlistRowView.swift */; };
		08C7D929270F7F7500EC3984 /* GearlistDetailView.swift in Sources */ = {isa = PBXBuildFile; fileRef = 08C7D928270F7F7500EC3984 /* GearlistDetailView.swift */; };
		08C7D92E270F844C00EC3984 /* AddListView.swift in Sources */ = {isa = PBXBuildFile; fileRef = 08C7D92D270F844C00EC3984 /* AddListView.swift */; };
		08C7D930270F846500EC3984 /* TripItemsSelector.swift in Sources */ = {isa = PBXBuildFile; fileRef = 08C7D92F270F846500EC3984 /* TripItemsSelector.swift */; };
		08C7D93E2710EEEE00EC3984 /* AddItemToTripSheet.swift in Sources */ = {isa = PBXBuildFile; fileRef = 08C7D93D2710EEEE00EC3984 /* AddItemToTripSheet.swift */; };
		08D67E03272488000064F639 /* SegmentedPicker.swift in Sources */ = {isa = PBXBuildFile; fileRef = 08D67E02272488000064F639 /* SegmentedPicker.swift */; };
		08D67E052724888A0064F639 /* Transition+Extension.swift in Sources */ = {isa = PBXBuildFile; fileRef = 08D67E042724888A0064F639 /* Transition+Extension.swift */; };
		08D67E0C27250F5A0064F639 /* UnlockManager.swift in Sources */ = {isa = PBXBuildFile; fileRef = 08D67E0827250F5A0064F639 /* UnlockManager.swift */; };
		08D67E0D27250F5A0064F639 /* ProductView.swift in Sources */ = {isa = PBXBuildFile; fileRef = 08D67E0927250F5A0064F639 /* ProductView.swift */; };
		08D67E0E27250F5A0064F639 /* PurchaseButton.swift in Sources */ = {isa = PBXBuildFile; fileRef = 08D67E0A27250F5A0064F639 /* PurchaseButton.swift */; };
		08D67E0F27250F5A0064F639 /* UnlockView.swift in Sources */ = {isa = PBXBuildFile; fileRef = 08D67E0B27250F5A0064F639 /* UnlockView.swift */; };
		08D67E11272523680064F639 /* SKProduct-LocalizedPrice.swift in Sources */ = {isa = PBXBuildFile; fileRef = 08D67E10272523680064F639 /* SKProduct-LocalizedPrice.swift */; };
		08D67E13272529730064F639 /* PersistantStore+StoreKit.swift in Sources */ = {isa = PBXBuildFile; fileRef = 08D67E12272529730064F639 /* PersistantStore+StoreKit.swift */; };
		08D67E152725EEA60064F639 /* ToggleStyles.swift in Sources */ = {isa = PBXBuildFile; fileRef = 08D67E142725EEA60064F639 /* ToggleStyles.swift */; };
		08D67E1C2726815D0064F639 /* Configuration.storekit in Resources */ = {isa = PBXBuildFile; fileRef = 08D67E1B2726815D0064F639 /* Configuration.storekit */; };
		08ED0FD72719DA490072CB90 /* ViewModel.swift in Sources */ = {isa = PBXBuildFile; fileRef = 08ED0FD62719DA490072CB90 /* ViewModel.swift */; };
		08ED0FDE2719EAE10072CB90 /* TabBarItem.swift in Sources */ = {isa = PBXBuildFile; fileRef = 08ED0FD92719EAE10072CB90 /* TabBarItem.swift */; };
		08ED0FDF2719EAE10072CB90 /* CustomTabBarView.swift in Sources */ = {isa = PBXBuildFile; fileRef = 08ED0FDA2719EAE10072CB90 /* CustomTabBarView.swift */; };
		08ED0FE02719EAE10072CB90 /* CustomTabView.swift in Sources */ = {isa = PBXBuildFile; fileRef = 08ED0FDB2719EAE10072CB90 /* CustomTabView.swift */; };
		08ED0FE12719EAE10072CB90 /* TabBarItemsPreferenceKey.swift in Sources */ = {isa = PBXBuildFile; fileRef = 08ED0FDC2719EAE10072CB90 /* TabBarItemsPreferenceKey.swift */; };
		08ED0FE22719EAE10072CB90 /* AppTabBarView.swift in Sources */ = {isa = PBXBuildFile; fileRef = 08ED0FDD2719EAE10072CB90 /* AppTabBarView.swift */; };
		08ED0FE5271A2C8A0072CB90 /* UnusedCode.swift in Sources */ = {isa = PBXBuildFile; fileRef = 08ED0FE4271A2C8A0072CB90 /* UnusedCode.swift */; };
		08ED0FE7271A34EE0072CB90 /* NewTest.swift in Sources */ = {isa = PBXBuildFile; fileRef = 08ED0FE6271A34EE0072CB90 /* NewTest.swift */; };
/* End PBXBuildFile section */

/* Begin PBXFileReference section */
		080015A2272730F400E1BE4C /* Gearlist+Extension.swift */ = {isa = PBXFileReference; lastKnownFileType = sourcecode.swift; path = "Gearlist+Extension.swift"; sourceTree = "<group>"; };
		080015A4272731DB00E1BE4C /* EditableGearlistData.swift */ = {isa = PBXFileReference; lastKnownFileType = sourcecode.swift; path = EditableGearlistData.swift; sourceTree = "<group>"; };
		080015A727277C2B00E1BE4C /* OffsetTabView.swift */ = {isa = PBXFileReference; fileEncoding = 4; lastKnownFileType = sourcecode.swift; path = OffsetTabView.swift; sourceTree = "<group>"; };
		080015A827277C2B00E1BE4C /* Home.swift */ = {isa = PBXFileReference; fileEncoding = 4; lastKnownFileType = sourcecode.swift; path = Home.swift; sourceTree = "<group>"; };
		080015A927277C2B00E1BE4C /* PagerHelper.swift */ = {isa = PBXFileReference; fileEncoding = 4; lastKnownFileType = sourcecode.swift; path = PagerHelper.swift; sourceTree = "<group>"; };
		080015AE272787E700E1BE4C /* AllRegretsView.swift */ = {isa = PBXFileReference; lastKnownFileType = sourcecode.swift; path = AllRegretsView.swift; sourceTree = "<group>"; };
		08371B24271A42890072AD94 /* TestView.swift */ = {isa = PBXFileReference; lastKnownFileType = sourcecode.swift; path = TestView.swift; sourceTree = "<group>"; };
		08371B29271AA4DB0072AD94 /* HomeView.swift */ = {isa = PBXFileReference; lastKnownFileType = sourcecode.swift; path = HomeView.swift; sourceTree = "<group>"; };
		08371B2F271AB4940072AD94 /* Blur.swift */ = {isa = PBXFileReference; lastKnownFileType = sourcecode.swift; path = Blur.swift; sourceTree = "<group>"; };
		08371B35271B72BF0072AD94 /* Date.swift */ = {isa = PBXFileReference; fileEncoding = 4; lastKnownFileType = sourcecode.swift; path = Date.swift; sourceTree = "<group>"; };
		08371B36271B72BF0072AD94 /* Double.swift */ = {isa = PBXFileReference; fileEncoding = 4; lastKnownFileType = sourcecode.swift; path = Double.swift; sourceTree = "<group>"; };
		08371B37271B72BF0072AD94 /* Color.swift */ = {isa = PBXFileReference; fileEncoding = 4; lastKnownFileType = sourcecode.swift; path = Color.swift; sourceTree = "<group>"; };
		08371B39271B72BF0072AD94 /* UIApplication.swift */ = {isa = PBXFileReference; fileEncoding = 4; lastKnownFileType = sourcecode.swift; path = UIApplication.swift; sourceTree = "<group>"; };
		08371B3A271B72BF0072AD94 /* String.swift */ = {isa = PBXFileReference; fileEncoding = 4; lastKnownFileType = sourcecode.swift; path = String.swift; sourceTree = "<group>"; };
		08371B47271BB1DC0072AD94 /* GearlistContextMenu.swift */ = {isa = PBXFileReference; lastKnownFileType = sourcecode.swift; path = GearlistContextMenu.swift; sourceTree = "<group>"; };
		08371B49271BB2F30072AD94 /* GearlistData.swift */ = {isa = PBXFileReference; lastKnownFileType = sourcecode.swift; path = GearlistData.swift; sourceTree = "<group>"; };
		08371B4F271BC5010072AD94 /* GearShedData.swift */ = {isa = PBXFileReference; lastKnownFileType = sourcecode.swift; path = GearShedData.swift; sourceTree = "<group>"; };
		08371B55271C8ABD0072AD94 /* Sorting+Extension.swift */ = {isa = PBXFileReference; lastKnownFileType = sourcecode.swift; path = "Sorting+Extension.swift"; sourceTree = "<group>"; };
		08371B5A271D0B1B0072AD94 /* NavBarColorModifier.swift */ = {isa = PBXFileReference; lastKnownFileType = sourcecode.swift; path = NavBarColorModifier.swift; sourceTree = "<group>"; };
		08371B5C271DFEA20072AD94 /* AllItemsView.swift */ = {isa = PBXFileReference; lastKnownFileType = sourcecode.swift; path = AllItemsView.swift; sourceTree = "<group>"; };
		08371B5E271DFEC90072AD94 /* AllCategoryView.swift */ = {isa = PBXFileReference; lastKnownFileType = sourcecode.swift; path = AllCategoryView.swift; sourceTree = "<group>"; };
		08371B60271DFED90072AD94 /* AllBrandView.swift */ = {isa = PBXFileReference; lastKnownFileType = sourcecode.swift; path = AllBrandView.swift; sourceTree = "<group>"; };
		08371B62271DFEE60072AD94 /* AllFavouriteView.swift */ = {isa = PBXFileReference; lastKnownFileType = sourcecode.swift; path = AllFavouriteView.swift; sourceTree = "<group>"; };
		08371B64271DFEF80072AD94 /* AllWishListView.swift */ = {isa = PBXFileReference; lastKnownFileType = sourcecode.swift; path = AllWishListView.swift; sourceTree = "<group>"; };
		08371B68271E029B0072AD94 /* TagRowView.swift */ = {isa = PBXFileReference; lastKnownFileType = sourcecode.swift; path = TagRowView.swift; sourceTree = "<group>"; };
		08371B6D271E08A20072AD94 /* tags.json */ = {isa = PBXFileReference; lastKnownFileType = text.json; path = tags.json; sourceTree = "<group>"; };
		08371B6F271E56C00072AD94 /* AddOrModifyTagView.swift */ = {isa = PBXFileReference; lastKnownFileType = sourcecode.swift; path = AddOrModifyTagView.swift; sourceTree = "<group>"; };
		08371B71271E5B6D0072AD94 /* ItemDetailView.swift */ = {isa = PBXFileReference; lastKnownFileType = sourcecode.swift; path = ItemDetailView.swift; sourceTree = "<group>"; };
		084EDA10272B5C9800475891 /* HelveticaNeue.ttc */ = {isa = PBXFileReference; lastKnownFileType = file; path = HelveticaNeue.ttc; sourceTree = "<group>"; };
		084EDA12272BAE2B00475891 /* ContentView.swift */ = {isa = PBXFileReference; lastKnownFileType = sourcecode.swift; path = ContentView.swift; sourceTree = "<group>"; };
		084EDA14272BAFD800475891 /* CustomTabBar.swift */ = {isa = PBXFileReference; fileEncoding = 4; lastKnownFileType = sourcecode.swift; path = CustomTabBar.swift; sourceTree = "<group>"; };
		0853ABF7271F824700123497 /* ModifyBrandView.swift */ = {isa = PBXFileReference; lastKnownFileType = sourcecode.swift; path = ModifyBrandView.swift; sourceTree = "<group>"; };
		0853ABF9271F876F00123497 /* ModifyShedView.swift */ = {isa = PBXFileReference; lastKnownFileType = sourcecode.swift; path = ModifyShedView.swift; sourceTree = "<group>"; };
		0853ABFB271F8E3300123497 /* BrandDetailView.swift */ = {isa = PBXFileReference; lastKnownFileType = sourcecode.swift; path = BrandDetailView.swift; sourceTree = "<group>"; };
		0853ABFD271F8EF100123497 /* ShedDetailView.swift */ = {isa = PBXFileReference; lastKnownFileType = sourcecode.swift; path = ShedDetailView.swift; sourceTree = "<group>"; };
		0853ABFF271F983000123497 /* StatBarView.swift */ = {isa = PBXFileReference; lastKnownFileType = sourcecode.swift; path = StatBarView.swift; sourceTree = "<group>"; };
		086C925127238D03009F962D /* ModifyItemView.swift */ = {isa = PBXFileReference; lastKnownFileType = sourcecode.swift; path = ModifyItemView.swift; sourceTree = "<group>"; };
		08A7CFFA2728A088006FA3F7 /* AddMoreItemView.swift */ = {isa = PBXFileReference; lastKnownFileType = sourcecode.swift; path = AddMoreItemView.swift; sourceTree = "<group>"; };
		08A7CFFC2728D25D006FA3F7 /* CustomAlert.swift */ = {isa = PBXFileReference; lastKnownFileType = sourcecode.swift; path = CustomAlert.swift; sourceTree = "<group>"; };
		08A7CFFF2729F597006FA3F7 /* ItemRowViewInBrand.swift */ = {isa = PBXFileReference; lastKnownFileType = sourcecode.swift; path = ItemRowViewInBrand.swift; sourceTree = "<group>"; };
		08A7D0012729F5C6006FA3F7 /* ItemRowViewInShed.swift */ = {isa = PBXFileReference; lastKnownFileType = sourcecode.swift; path = ItemRowViewInShed.swift; sourceTree = "<group>"; };
		08A7D0032729F604006FA3F7 /* ItemRowViewForList.swift */ = {isa = PBXFileReference; lastKnownFileType = sourcecode.swift; path = ItemRowViewForList.swift; sourceTree = "<group>"; };
		08A7D0052729F62F006FA3F7 /* ItemRowViewInWishlist.swift */ = {isa = PBXFileReference; lastKnownFileType = sourcecode.swift; path = ItemRowViewInWishlist.swift; sourceTree = "<group>"; };
		08A7D00B2729FBCF006FA3F7 /* CloudKit.framework */ = {isa = PBXFileReference; lastKnownFileType = wrapper.framework; name = CloudKit.framework; path = System/Library/Frameworks/CloudKit.framework; sourceTree = SDKROOT; };
		08C7D89C270F3D1800EC3984 /* GearShed.app */ = {isa = PBXFileReference; explicitFileType = wrapper.application; includeInIndex = 0; path = GearShed.app; sourceTree = BUILT_PRODUCTS_DIR; };
		08C7D89F270F3D1800EC3984 /* GearShedApp.swift */ = {isa = PBXFileReference; lastKnownFileType = sourcecode.swift; path = GearShedApp.swift; sourceTree = "<group>"; };
		08C7D8A1270F3D1800EC3984 /* MainView.swift */ = {isa = PBXFileReference; lastKnownFileType = sourcecode.swift; path = MainView.swift; sourceTree = "<group>"; };
		08C7D8A3270F3D1D00EC3984 /* Assets.xcassets */ = {isa = PBXFileReference; lastKnownFileType = folder.assetcatalog; path = Assets.xcassets; sourceTree = "<group>"; };
		08C7D8A6270F3D1D00EC3984 /* Preview Assets.xcassets */ = {isa = PBXFileReference; lastKnownFileType = folder.assetcatalog; path = "Preview Assets.xcassets"; sourceTree = "<group>"; };
		08C7D8A8270F3D1D00EC3984 /* PersistentStore.swift */ = {isa = PBXFileReference; lastKnownFileType = sourcecode.swift; path = PersistentStore.swift; sourceTree = "<group>"; };
		08C7D8AB270F3D1D00EC3984 /* GearShed.xcdatamodel */ = {isa = PBXFileReference; lastKnownFileType = wrapper.xcdatamodel; path = GearShed.xcdatamodel; sourceTree = "<group>"; };
		08C7D8AD270F3D1D00EC3984 /* Info.plist */ = {isa = PBXFileReference; lastKnownFileType = text.plist.xml; path = Info.plist; sourceTree = "<group>"; };
		08C7D8B7270F41CC00EC3984 /* GearShedView.swift */ = {isa = PBXFileReference; lastKnownFileType = sourcecode.swift; path = GearShedView.swift; sourceTree = "<group>"; };
		08C7D8B9270F41F300EC3984 /* GearlistView.swift */ = {isa = PBXFileReference; lastKnownFileType = sourcecode.swift; path = GearlistView.swift; sourceTree = "<group>"; };
		08C7D8BB270F422800EC3984 /* PreferencesTabView.swift */ = {isa = PBXFileReference; lastKnownFileType = sourcecode.swift; path = PreferencesTabView.swift; sourceTree = "<group>"; };
		08C7D8BD270F42AD00EC3984 /* DevTools.swift */ = {isa = PBXFileReference; lastKnownFileType = sourcecode.swift; path = DevTools.swift; sourceTree = "<group>"; };
		08C7D8C1270F475A00EC3984 /* String+Extensions.swift */ = {isa = PBXFileReference; fileEncoding = 4; lastKnownFileType = sourcecode.swift; path = "String+Extensions.swift"; sourceTree = "<group>"; };
		08C7D8C2270F475A00EC3984 /* Sequence+Extensions.swift */ = {isa = PBXFileReference; fileEncoding = 4; lastKnownFileType = sourcecode.swift; path = "Sequence+Extensions.swift"; sourceTree = "<group>"; };
		08C7D8C3270F475A00EC3984 /* View+Extensions.swift */ = {isa = PBXFileReference; fileEncoding = 4; lastKnownFileType = sourcecode.swift; path = "View+Extensions.swift"; sourceTree = "<group>"; };
		08C7D8C4270F475A00EC3984 /* Bundle+Extensions.swift */ = {isa = PBXFileReference; fileEncoding = 4; lastKnownFileType = sourcecode.swift; path = "Bundle+Extensions.swift"; sourceTree = "<group>"; };
		08C7D8C5270F475A00EC3984 /* NotificationName+Extensions.swift */ = {isa = PBXFileReference; fileEncoding = 4; lastKnownFileType = sourcecode.swift; path = "NotificationName+Extensions.swift"; sourceTree = "<group>"; };
		08C7D8C6270F475A00EC3984 /* Date+Extensions.swift */ = {isa = PBXFileReference; fileEncoding = 4; lastKnownFileType = sourcecode.swift; path = "Date+Extensions.swift"; sourceTree = "<group>"; };
		08C7D8C7270F475A00EC3984 /* NSManagedObject+Extensions.swift */ = {isa = PBXFileReference; fileEncoding = 4; lastKnownFileType = sourcecode.swift; path = "NSManagedObject+Extensions.swift"; sourceTree = "<group>"; };
		08C7D8D0270F480D00EC3984 /* CategorysTabView.swift */ = {isa = PBXFileReference; fileEncoding = 4; lastKnownFileType = sourcecode.swift; path = CategorysTabView.swift; sourceTree = "<group>"; };
		08C7D8D1270F480D00EC3984 /* LocationsListViewModel.swift */ = {isa = PBXFileReference; fileEncoding = 4; lastKnownFileType = sourcecode.swift; path = LocationsListViewModel.swift; sourceTree = "<group>"; };
		08C7D8D2270F480D00EC3984 /* ShedRowView.swift */ = {isa = PBXFileReference; fileEncoding = 4; lastKnownFileType = sourcecode.swift; path = ShedRowView.swift; sourceTree = "<group>"; };
		08C7D8D3270F480D00EC3984 /* AddShedView.swift */ = {isa = PBXFileReference; fileEncoding = 4; lastKnownFileType = sourcecode.swift; path = AddShedView.swift; sourceTree = "<group>"; };
		08C7D8D5270F480E00EC3984 /* BrandRowView.swift */ = {isa = PBXFileReference; fileEncoding = 4; lastKnownFileType = sourcecode.swift; path = BrandRowView.swift; sourceTree = "<group>"; };
		08C7D8D6270F480E00EC3984 /* BrandsTabView.swift */ = {isa = PBXFileReference; fileEncoding = 4; lastKnownFileType = sourcecode.swift; path = BrandsTabView.swift; sourceTree = "<group>"; };
		08C7D8D7270F480E00EC3984 /* AddBrandView.swift */ = {isa = PBXFileReference; fileEncoding = 4; lastKnownFileType = sourcecode.swift; path = AddBrandView.swift; sourceTree = "<group>"; };
		08C7D8E1270F485200EC3984 /* EditableItemData.swift */ = {isa = PBXFileReference; fileEncoding = 4; lastKnownFileType = sourcecode.swift; path = EditableItemData.swift; sourceTree = "<group>"; };
		08C7D8E8270F65E100EC3984 /* EmptyTripView.swift */ = {isa = PBXFileReference; fileEncoding = 4; lastKnownFileType = sourcecode.swift; path = EmptyTripView.swift; sourceTree = "<group>"; };
		08C7D8E9270F65E100EC3984 /* SearchBarView.swift */ = {isa = PBXFileReference; fileEncoding = 4; lastKnownFileType = sourcecode.swift; path = SearchBarView.swift; sourceTree = "<group>"; };
		08C7D8EA270F65E100EC3984 /* SLSliderControl.swift */ = {isa = PBXFileReference; fileEncoding = 4; lastKnownFileType = sourcecode.swift; path = SLSliderControl.swift; sourceTree = "<group>"; };
		08C7D8EB270F65E100EC3984 /* SLFormLabelText.swift */ = {isa = PBXFileReference; fileEncoding = 4; lastKnownFileType = sourcecode.swift; path = SLFormLabelText.swift; sourceTree = "<group>"; };
		08C7D8EC270F65E100EC3984 /* EmptyCatelogView.swift */ = {isa = PBXFileReference; fileEncoding = 4; lastKnownFileType = sourcecode.swift; path = EmptyCatelogView.swift; sourceTree = "<group>"; };
		08C7D8ED270F65E100EC3984 /* SLSimpleHeaderView.swift */ = {isa = PBXFileReference; fileEncoding = 4; lastKnownFileType = sourcecode.swift; path = SLSimpleHeaderView.swift; sourceTree = "<group>"; };
		08C7D8EE270F65E100EC3984 /* SLCenteredButton.swift */ = {isa = PBXFileReference; fileEncoding = 4; lastKnownFileType = sourcecode.swift; path = SLCenteredButton.swift; sourceTree = "<group>"; };
		08C7D8EF270F65E100EC3984 /* SLSectionHeaderView.swift */ = {isa = PBXFileReference; fileEncoding = 4; lastKnownFileType = sourcecode.swift; path = SLSectionHeaderView.swift; sourceTree = "<group>"; };
		08C7D8F0270F65E100EC3984 /* SelectionIndicatorView.swift */ = {isa = PBXFileReference; fileEncoding = 4; lastKnownFileType = sourcecode.swift; path = SelectionIndicatorView.swift; sourceTree = "<group>"; };
		08C7D8FA270F66EB00EC3984 /* AddItemView.swift */ = {isa = PBXFileReference; fileEncoding = 4; lastKnownFileType = sourcecode.swift; path = AddItemView.swift; sourceTree = "<group>"; };
		08C7D8FD270F680400EC3984 /* ConfirmationAlerts.swift */ = {isa = PBXFileReference; fileEncoding = 4; lastKnownFileType = sourcecode.swift; path = ConfirmationAlerts.swift; sourceTree = "<group>"; };
		08C7D8FF270F680400EC3984 /* ConfirmationAlertProtocol.swift */ = {isa = PBXFileReference; fileEncoding = 4; lastKnownFileType = sourcecode.swift; path = ConfirmationAlertProtocol.swift; sourceTree = "<group>"; };
		08C7D903270F68EE00EC3984 /* ItemListDisplay.swift */ = {isa = PBXFileReference; fileEncoding = 4; lastKnownFileType = sourcecode.swift; path = ItemListDisplay.swift; sourceTree = "<group>"; };
		08C7D906270F6D1D00EC3984 /* Item+Extensions.swift */ = {isa = PBXFileReference; fileEncoding = 4; lastKnownFileType = sourcecode.swift; path = "Item+Extensions.swift"; sourceTree = "<group>"; };
		08C7D907270F6D1D00EC3984 /* Category+Extensions.swift */ = {isa = PBXFileReference; fileEncoding = 4; lastKnownFileType = sourcecode.swift; path = "Category+Extensions.swift"; sourceTree = "<group>"; };
		08C7D908270F6D1D00EC3984 /* Brand+Extension.swift */ = {isa = PBXFileReference; fileEncoding = 4; lastKnownFileType = sourcecode.swift; path = "Brand+Extension.swift"; sourceTree = "<group>"; };
		08C7D90D270F6DFC00EC3984 /* BrandCodableProxy.swift */ = {isa = PBXFileReference; fileEncoding = 4; lastKnownFileType = sourcecode.swift; path = BrandCodableProxy.swift; sourceTree = "<group>"; };
		08C7D90E270F6DFC00EC3984 /* ItemCodableProxy.swift */ = {isa = PBXFileReference; fileEncoding = 4; lastKnownFileType = sourcecode.swift; path = ItemCodableProxy.swift; sourceTree = "<group>"; };
		08C7D90F270F6DFC00EC3984 /* CategoryCodableProxy.swift */ = {isa = PBXFileReference; fileEncoding = 4; lastKnownFileType = sourcecode.swift; path = CategoryCodableProxy.swift; sourceTree = "<group>"; };
		08C7D913270F6E1600EC3984 /* sheds.json */ = {isa = PBXFileReference; fileEncoding = 4; lastKnownFileType = text.json; path = sheds.json; sourceTree = "<group>"; };
		08C7D914270F6E1600EC3984 /* brands.json */ = {isa = PBXFileReference; fileEncoding = 4; lastKnownFileType = text.json; path = brands.json; sourceTree = "<group>"; };
		08C7D915270F6E1600EC3984 /* items.json */ = {isa = PBXFileReference; fileEncoding = 4; lastKnownFileType = text.json; path = items.json; sourceTree = "<group>"; };
		08C7D919270F70F400EC3984 /* AllGearLists.swift */ = {isa = PBXFileReference; lastKnownFileType = sourcecode.swift; path = AllGearLists.swift; sourceTree = "<group>"; };
		08C7D91B270F719B00EC3984 /* ItemRowView.swift */ = {isa = PBXFileReference; fileEncoding = 4; lastKnownFileType = sourcecode.swift; path = ItemRowView.swift; sourceTree = "<group>"; };
		08C7D91E270F72F700EC3984 /* ItemContextMenu.swift */ = {isa = PBXFileReference; fileEncoding = 4; lastKnownFileType = sourcecode.swift; path = ItemContextMenu.swift; sourceTree = "<group>"; };
		08C7D91F270F72F700EC3984 /* SectionData.swift */ = {isa = PBXFileReference; fileEncoding = 4; lastKnownFileType = sourcecode.swift; path = SectionData.swift; sourceTree = "<group>"; };
		08C7D922270F7AFC00EC3984 /* EditableTripData.swift */ = {isa = PBXFileReference; fileEncoding = 4; lastKnownFileType = sourcecode.swift; path = EditableTripData.swift; sourceTree = "<group>"; };
		08C7D924270F7BFB00EC3984 /* Trip+Extension.swift */ = {isa = PBXFileReference; fileEncoding = 4; lastKnownFileType = sourcecode.swift; path = "Trip+Extension.swift"; sourceTree = "<group>"; };
		08C7D926270F7DC200EC3984 /* GearlistRowView.swift */ = {isa = PBXFileReference; fileEncoding = 4; lastKnownFileType = sourcecode.swift; path = GearlistRowView.swift; sourceTree = "<group>"; };
		08C7D928270F7F7500EC3984 /* GearlistDetailView.swift */ = {isa = PBXFileReference; fileEncoding = 4; lastKnownFileType = sourcecode.swift; path = GearlistDetailView.swift; sourceTree = "<group>"; };
		08C7D92D270F844C00EC3984 /* AddListView.swift */ = {isa = PBXFileReference; fileEncoding = 4; lastKnownFileType = sourcecode.swift; path = AddListView.swift; sourceTree = "<group>"; };
		08C7D92F270F846500EC3984 /* TripItemsSelector.swift */ = {isa = PBXFileReference; fileEncoding = 4; lastKnownFileType = sourcecode.swift; path = TripItemsSelector.swift; sourceTree = "<group>"; };
		08C7D93D2710EEEE00EC3984 /* AddItemToTripSheet.swift */ = {isa = PBXFileReference; lastKnownFileType = sourcecode.swift; path = AddItemToTripSheet.swift; sourceTree = "<group>"; };
		08D67E02272488000064F639 /* SegmentedPicker.swift */ = {isa = PBXFileReference; lastKnownFileType = sourcecode.swift; path = SegmentedPicker.swift; sourceTree = "<group>"; };
		08D67E042724888A0064F639 /* Transition+Extension.swift */ = {isa = PBXFileReference; lastKnownFileType = sourcecode.swift; path = "Transition+Extension.swift"; sourceTree = "<group>"; };
		08D67E0827250F5A0064F639 /* UnlockManager.swift */ = {isa = PBXFileReference; fileEncoding = 4; lastKnownFileType = sourcecode.swift; path = UnlockManager.swift; sourceTree = "<group>"; };
		08D67E0927250F5A0064F639 /* ProductView.swift */ = {isa = PBXFileReference; fileEncoding = 4; lastKnownFileType = sourcecode.swift; path = ProductView.swift; sourceTree = "<group>"; };
		08D67E0A27250F5A0064F639 /* PurchaseButton.swift */ = {isa = PBXFileReference; fileEncoding = 4; lastKnownFileType = sourcecode.swift; path = PurchaseButton.swift; sourceTree = "<group>"; };
		08D67E0B27250F5A0064F639 /* UnlockView.swift */ = {isa = PBXFileReference; fileEncoding = 4; lastKnownFileType = sourcecode.swift; path = UnlockView.swift; sourceTree = "<group>"; };
		08D67E10272523680064F639 /* SKProduct-LocalizedPrice.swift */ = {isa = PBXFileReference; fileEncoding = 4; lastKnownFileType = sourcecode.swift; path = "SKProduct-LocalizedPrice.swift"; sourceTree = "<group>"; };
		08D67E12272529730064F639 /* PersistantStore+StoreKit.swift */ = {isa = PBXFileReference; lastKnownFileType = sourcecode.swift; path = "PersistantStore+StoreKit.swift"; sourceTree = "<group>"; };
		08D67E142725EEA60064F639 /* ToggleStyles.swift */ = {isa = PBXFileReference; lastKnownFileType = sourcecode.swift; path = ToggleStyles.swift; sourceTree = "<group>"; };
		08D67E1B2726815D0064F639 /* Configuration.storekit */ = {isa = PBXFileReference; fileEncoding = 4; lastKnownFileType = text; path = Configuration.storekit; sourceTree = "<group>"; };
		08ED0FD62719DA490072CB90 /* ViewModel.swift */ = {isa = PBXFileReference; lastKnownFileType = sourcecode.swift; path = ViewModel.swift; sourceTree = "<group>"; };
		08ED0FD92719EAE10072CB90 /* TabBarItem.swift */ = {isa = PBXFileReference; fileEncoding = 4; lastKnownFileType = sourcecode.swift; path = TabBarItem.swift; sourceTree = "<group>"; };
		08ED0FDA2719EAE10072CB90 /* CustomTabBarView.swift */ = {isa = PBXFileReference; fileEncoding = 4; lastKnownFileType = sourcecode.swift; path = CustomTabBarView.swift; sourceTree = "<group>"; };
		08ED0FDB2719EAE10072CB90 /* CustomTabView.swift */ = {isa = PBXFileReference; fileEncoding = 4; lastKnownFileType = sourcecode.swift; path = CustomTabView.swift; sourceTree = "<group>"; };
		08ED0FDC2719EAE10072CB90 /* TabBarItemsPreferenceKey.swift */ = {isa = PBXFileReference; fileEncoding = 4; lastKnownFileType = sourcecode.swift; path = TabBarItemsPreferenceKey.swift; sourceTree = "<group>"; };
		08ED0FDD2719EAE10072CB90 /* AppTabBarView.swift */ = {isa = PBXFileReference; fileEncoding = 4; lastKnownFileType = sourcecode.swift; path = AppTabBarView.swift; sourceTree = "<group>"; };
		08ED0FE4271A2C8A0072CB90 /* UnusedCode.swift */ = {isa = PBXFileReference; lastKnownFileType = sourcecode.swift; path = UnusedCode.swift; sourceTree = "<group>"; };
		08ED0FE6271A34EE0072CB90 /* NewTest.swift */ = {isa = PBXFileReference; lastKnownFileType = sourcecode.swift; path = NewTest.swift; sourceTree = "<group>"; };
/* End PBXFileReference section */

/* Begin PBXFrameworksBuildPhase section */
		08C7D899270F3D1800EC3984 /* Frameworks */ = {
			isa = PBXFrameworksBuildPhase;
			buildActionMask = 2147483647;
			files = (
				08A7D00C2729FBCF006FA3F7 /* CloudKit.framework in Frameworks */,
			);
			runOnlyForDeploymentPostprocessing = 0;
		};
/* End PBXFrameworksBuildPhase section */

/* Begin PBXGroup section */
		080015A627277C2B00E1BE4C /* SlideableView */ = {
			isa = PBXGroup;
			children = (
				080015A727277C2B00E1BE4C /* OffsetTabView.swift */,
				080015A827277C2B00E1BE4C /* Home.swift */,
				080015A927277C2B00E1BE4C /* PagerHelper.swift */,
			);
			path = SlideableView;
			sourceTree = "<group>";
		};
		08371B27271AA4B40072AD94 /* View */ = {
			isa = PBXGroup;
			children = (
				08C7D8B6270F419E00EC3984 /* Settings */,
				08371B29271AA4DB0072AD94 /* HomeView.swift */,
			);
			path = View;
			sourceTree = "<group>";
		};
		08371B43271BB0070072AD94 /* Home */ = {
			isa = PBXGroup;
			children = (
				08371B44271BB0280072AD94 /* ViewModel */,
				08371B27271AA4B40072AD94 /* View */,
			);
			path = Home;
			sourceTree = "<group>";
		};
		08371B44271BB0280072AD94 /* ViewModel */ = {
			isa = PBXGroup;
			children = (
			);
			path = ViewModel;
			sourceTree = "<group>";
		};
		08371B45271BB03F0072AD94 /* Views */ = {
			isa = PBXGroup;
			children = (
				08C7D8B9270F41F300EC3984 /* GearlistView.swift */,
				08A7D0072729F7E2006FA3F7 /* Gearlist */,
				08A7D0082729F80A006FA3F7 /* Trips */,
			);
			path = Views;
			sourceTree = "<group>";
		};
		08371B46271BB0470072AD94 /* ViewModel */ = {
			isa = PBXGroup;
			children = (
				08371B49271BB2F30072AD94 /* GearlistData.swift */,
			);
			path = ViewModel;
			sourceTree = "<group>";
		};
		08371B51271BD4D60072AD94 /* Views */ = {
			isa = PBXGroup;
			children = (
				08C7D8B7270F41CC00EC3984 /* GearShedView.swift */,
				08371B5C271DFEA20072AD94 /* AllItemsView.swift */,
				08371B5E271DFEC90072AD94 /* AllCategoryView.swift */,
				08371B60271DFED90072AD94 /* AllBrandView.swift */,
				08371B62271DFEE60072AD94 /* AllFavouriteView.swift */,
				080015AE272787E700E1BE4C /* AllRegretsView.swift */,
				08371B64271DFEF80072AD94 /* AllWishListView.swift */,
				08D67E1627260AA30064F639 /* Item */,
				08C7D8CF270F480D00EC3984 /* Shed */,
				08C7D8D4270F480E00EC3984 /* Brand */,
			);
			path = Views;
			sourceTree = "<group>";
		};
		08371B52271BD4DE0072AD94 /* ViewModel */ = {
			isa = PBXGroup;
			children = (
				08371B4F271BC5010072AD94 /* GearShedData.swift */,
			);
			path = ViewModel;
			sourceTree = "<group>";
		};
		08371B67271E02820072AD94 /* Tags */ = {
			isa = PBXGroup;
			children = (
				08371B68271E029B0072AD94 /* TagRowView.swift */,
				08371B6F271E56C00072AD94 /* AddOrModifyTagView.swift */,
			);
			path = Tags;
			sourceTree = "<group>";
		};
		084EDA0F272B5C7500475891 /* Fonts */ = {
			isa = PBXGroup;
			children = (
				084EDA10272B5C9800475891 /* HelveticaNeue.ttc */,
			);
			path = Fonts;
			sourceTree = "<group>";
		};
		08A7CFFE2729F57A006FA3F7 /* ItemRowView */ = {
			isa = PBXGroup;
			children = (
				08C7D91B270F719B00EC3984 /* ItemRowView.swift */,
				08A7CFFF2729F597006FA3F7 /* ItemRowViewInBrand.swift */,
				08A7D0012729F5C6006FA3F7 /* ItemRowViewInShed.swift */,
				08A7D0032729F604006FA3F7 /* ItemRowViewForList.swift */,
				08A7D0052729F62F006FA3F7 /* ItemRowViewInWishlist.swift */,
			);
			path = ItemRowView;
			sourceTree = "<group>";
		};
		08A7D0072729F7E2006FA3F7 /* Gearlist */ = {
			isa = PBXGroup;
			children = (
				08C7D919270F70F400EC3984 /* AllGearLists.swift */,
				08C7D92D270F844C00EC3984 /* AddListView.swift */,
				08A7CFFA2728A088006FA3F7 /* AddMoreItemView.swift */,
				08C7D926270F7DC200EC3984 /* GearlistRowView.swift */,
				08C7D928270F7F7500EC3984 /* GearlistDetailView.swift */,
			);
			path = Gearlist;
			sourceTree = "<group>";
		};
		08A7D0082729F80A006FA3F7 /* Trips */ = {
			isa = PBXGroup;
			children = (
				08C7D92B270F840A00EC3984 /* AddNewTrip */,
				08C7D92C270F841B00EC3984 /* ModifyExistingTrip */,
			);
			path = Trips;
			sourceTree = "<group>";
		};
		08A7D00A2729FBCF006FA3F7 /* Frameworks */ = {
			isa = PBXGroup;
			children = (
				08A7D00B2729FBCF006FA3F7 /* CloudKit.framework */,
			);
			name = Frameworks;
			sourceTree = "<group>";
		};
		08C7D893270F3D1700EC3984 = {
			isa = PBXGroup;
			children = (
				08C7D89E270F3D1800EC3984 /* GearShed */,
				08C7D89D270F3D1800EC3984 /* Products */,
				08A7D00A2729FBCF006FA3F7 /* Frameworks */,
			);
			sourceTree = "<group>";
		};
		08C7D89D270F3D1800EC3984 /* Products */ = {
			isa = PBXGroup;
			children = (
				08C7D89C270F3D1800EC3984 /* GearShed.app */,
			);
			name = Products;
			sourceTree = "<group>";
		};
		08C7D89E270F3D1800EC3984 /* GearShed */ = {
			isa = PBXGroup;
			children = (
				08C7D89F270F3D1800EC3984 /* GearShedApp.swift */,
				084EDA12272BAE2B00475891 /* ContentView.swift */,
				084EDA14272BAFD800475891 /* CustomTabBar.swift */,
				08ED0FDD2719EAE10072CB90 /* AppTabBarView.swift */,
				08C7D8BF270F434400EC3984 /* CoreData */,
				08371B43271BB0070072AD94 /* Home */,
				08C7D8B5270F418F00EC3984 /* GearShed */,
				08C7D8B3270F416B00EC3984 /* GearList  */,
				08D67E1727260B920064F639 /* Extra */,
				08D67E1827260BAC0064F639 /* Config */,
			);
			path = GearShed;
			sourceTree = "<group>";
		};
		08C7D8A5270F3D1D00EC3984 /* Preview Content */ = {
			isa = PBXGroup;
			children = (
				08C7D8A6270F3D1D00EC3984 /* Preview Assets.xcassets */,
			);
			path = "Preview Content";
			sourceTree = "<group>";
		};
		08C7D8B3270F416B00EC3984 /* GearList  */ = {
			isa = PBXGroup;
			children = (
				08371B46271BB0470072AD94 /* ViewModel */,
				08371B45271BB03F0072AD94 /* Views */,
			);
			path = "GearList ";
			sourceTree = "<group>";
		};
		08C7D8B5270F418F00EC3984 /* GearShed */ = {
			isa = PBXGroup;
			children = (
				08371B52271BD4DE0072AD94 /* ViewModel */,
				08371B51271BD4D60072AD94 /* Views */,
			);
			path = GearShed;
			sourceTree = "<group>";
		};
		08C7D8B6270F419E00EC3984 /* Settings */ = {
			isa = PBXGroup;
			children = (
				08C7D8BD270F42AD00EC3984 /* DevTools.swift */,
				08C7D8BB270F422800EC3984 /* PreferencesTabView.swift */,
			);
			path = Settings;
			sourceTree = "<group>";
		};
		08C7D8BF270F434400EC3984 /* CoreData */ = {
			isa = PBXGroup;
			children = (
				08C7D8A8270F3D1D00EC3984 /* PersistentStore.swift */,
				08D67E12272529730064F639 /* PersistantStore+StoreKit.swift */,
				08C7D8AA270F3D1D00EC3984 /* GearShed.xcdatamodeld */,
				08C7D8E1270F485200EC3984 /* EditableItemData.swift */,
				08C7D922270F7AFC00EC3984 /* EditableTripData.swift */,
				080015A4272731DB00E1BE4C /* EditableGearlistData.swift */,
				08C7D91F270F72F700EC3984 /* SectionData.swift */,
				08C7D905270F6D0600EC3984 /* Extensions */,
			);
			path = CoreData;
			sourceTree = "<group>";
		};
		08C7D8C0270F475A00EC3984 /* Convenience Extensions */ = {
			isa = PBXGroup;
			children = (
				08C7D8C4270F475A00EC3984 /* Bundle+Extensions.swift */,
				08371B37271B72BF0072AD94 /* Color.swift */,
				08371B35271B72BF0072AD94 /* Date.swift */,
				08C7D8C6270F475A00EC3984 /* Date+Extensions.swift */,
				08371B36271B72BF0072AD94 /* Double.swift */,
				08371B5A271D0B1B0072AD94 /* NavBarColorModifier.swift */,
				08C7D8C5270F475A00EC3984 /* NotificationName+Extensions.swift */,
				08C7D8C7270F475A00EC3984 /* NSManagedObject+Extensions.swift */,
				08C7D8C2270F475A00EC3984 /* Sequence+Extensions.swift */,
				08D67E10272523680064F639 /* SKProduct-LocalizedPrice.swift */,
				08371B55271C8ABD0072AD94 /* Sorting+Extension.swift */,
				08371B3A271B72BF0072AD94 /* String.swift */,
				08C7D8C1270F475A00EC3984 /* String+Extensions.swift */,
				08D67E042724888A0064F639 /* Transition+Extension.swift */,
				08371B39271B72BF0072AD94 /* UIApplication.swift */,
				08C7D8C3270F475A00EC3984 /* View+Extensions.swift */,
				08D67E142725EEA60064F639 /* ToggleStyles.swift */,
			);
			path = "Convenience Extensions";
			sourceTree = "<group>";
		};
		08C7D8CF270F480D00EC3984 /* Shed */ = {
			isa = PBXGroup;
			children = (
				08C7D8D2270F480D00EC3984 /* ShedRowView.swift */,
				0853ABFD271F8EF100123497 /* ShedDetailView.swift */,
				08C7D8D3270F480D00EC3984 /* AddShedView.swift */,
				0853ABF9271F876F00123497 /* ModifyShedView.swift */,
			);
			path = Shed;
			sourceTree = "<group>";
		};
		08C7D8D4270F480E00EC3984 /* Brand */ = {
			isa = PBXGroup;
			children = (
				08C7D8D5270F480E00EC3984 /* BrandRowView.swift */,
				0853ABFB271F8E3300123497 /* BrandDetailView.swift */,
				08C7D8D7270F480E00EC3984 /* AddBrandView.swift */,
				0853ABF7271F824700123497 /* ModifyBrandView.swift */,
			);
			path = Brand;
			sourceTree = "<group>";
		};
		08C7D8E7270F65E100EC3984 /* General Purpose Views */ = {
			isa = PBXGroup;
			children = (
				0853ABFF271F983000123497 /* StatBarView.swift */,
				08D67E02272488000064F639 /* SegmentedPicker.swift */,
				08C7D8E8270F65E100EC3984 /* EmptyTripView.swift */,
				08C7D8EC270F65E100EC3984 /* EmptyCatelogView.swift */,
				08C7D8E9270F65E100EC3984 /* SearchBarView.swift */,
				08C7D8EA270F65E100EC3984 /* SLSliderControl.swift */,
				08C7D8EB270F65E100EC3984 /* SLFormLabelText.swift */,
				08C7D8ED270F65E100EC3984 /* SLSimpleHeaderView.swift */,
				08C7D8EE270F65E100EC3984 /* SLCenteredButton.swift */,
				08C7D8EF270F65E100EC3984 /* SLSectionHeaderView.swift */,
				08C7D8F0270F65E100EC3984 /* SelectionIndicatorView.swift */,
			);
			path = "General Purpose Views";
			sourceTree = "<group>";
		};
		08C7D8FC270F680400EC3984 /* Alerts */ = {
			isa = PBXGroup;
			children = (
				08C7D8FD270F680400EC3984 /* ConfirmationAlerts.swift */,
				08C7D8FF270F680400EC3984 /* ConfirmationAlertProtocol.swift */,
				08C7D91E270F72F700EC3984 /* ItemContextMenu.swift */,
				08371B47271BB1DC0072AD94 /* GearlistContextMenu.swift */,
				08A7CFFC2728D25D006FA3F7 /* CustomAlert.swift */,
			);
			path = Alerts;
			sourceTree = "<group>";
		};
		08C7D905270F6D0600EC3984 /* Extensions */ = {
			isa = PBXGroup;
			children = (
				08C7D906270F6D1D00EC3984 /* Item+Extensions.swift */,
				08C7D924270F7BFB00EC3984 /* Trip+Extension.swift */,
				08C7D908270F6D1D00EC3984 /* Brand+Extension.swift */,
				08C7D907270F6D1D00EC3984 /* Category+Extensions.swift */,
				080015A2272730F400E1BE4C /* Gearlist+Extension.swift */,
			);
			path = Extensions;
			sourceTree = "<group>";
		};
		08C7D90C270F6DFC00EC3984 /* CodeableProxies */ = {
			isa = PBXGroup;
			children = (
				08C7D90D270F6DFC00EC3984 /* BrandCodableProxy.swift */,
				08C7D90E270F6DFC00EC3984 /* ItemCodableProxy.swift */,
				08C7D90F270F6DFC00EC3984 /* CategoryCodableProxy.swift */,
			);
			path = CodeableProxies;
			sourceTree = "<group>";
		};
		08C7D92B270F840A00EC3984 /* AddNewTrip */ = {
			isa = PBXGroup;
			children = (
			);
			path = AddNewTrip;
			sourceTree = "<group>";
		};
		08C7D92C270F841B00EC3984 /* ModifyExistingTrip */ = {
			isa = PBXGroup;
			children = (
				08C7D92F270F846500EC3984 /* TripItemsSelector.swift */,
				08C7D93D2710EEEE00EC3984 /* AddItemToTripSheet.swift */,
				08ED0FD62719DA490072CB90 /* ViewModel.swift */,
			);
			path = ModifyExistingTrip;
			sourceTree = "<group>";
		};
		08D67E0727250F5A0064F639 /* Unlock */ = {
			isa = PBXGroup;
			children = (
				08D67E0827250F5A0064F639 /* UnlockManager.swift */,
				08D67E0927250F5A0064F639 /* ProductView.swift */,
				08D67E0A27250F5A0064F639 /* PurchaseButton.swift */,
				08D67E0B27250F5A0064F639 /* UnlockView.swift */,
			);
			path = Unlock;
			sourceTree = "<group>";
		};
		08D67E1627260AA30064F639 /* Item */ = {
			isa = PBXGroup;
			children = (
				08371B71271E5B6D0072AD94 /* ItemDetailView.swift */,
				08C7D8FA270F66EB00EC3984 /* AddItemView.swift */,
				086C925127238D03009F962D /* ModifyItemView.swift */,
				08A7CFFE2729F57A006FA3F7 /* ItemRowView */,
			);
			path = Item;
			sourceTree = "<group>";
		};
		08D67E1727260B920064F639 /* Extra */ = {
			isa = PBXGroup;
			children = (
				080015A627277C2B00E1BE4C /* SlideableView */,
				08C7D8FC270F680400EC3984 /* Alerts */,
				08C7D8C0270F475A00EC3984 /* Convenience Extensions */,
				08C7D8E7270F65E100EC3984 /* General Purpose Views */,
				08C7D90C270F6DFC00EC3984 /* CodeableProxies */,
				08D67E0727250F5A0064F639 /* Unlock */,
				08ED0FD82719EAE10072CB90 /* CustomTabBar */,
				08ED0FE32719ECEA0072CB90 /* Unused  */,
			);
			path = Extra;
			sourceTree = "<group>";
		};
		08D67E1827260BAC0064F639 /* Config */ = {
			isa = PBXGroup;
			children = (
				08C7D8A5270F3D1D00EC3984 /* Preview Content */,
				084EDA0F272B5C7500475891 /* Fonts */,
				08D67E1B2726815D0064F639 /* Configuration.storekit */,
				08C7D8A3270F3D1D00EC3984 /* Assets.xcassets */,
				08C7D8AD270F3D1D00EC3984 /* Info.plist */,
				08C7D914270F6E1600EC3984 /* brands.json */,
				08371B6D271E08A20072AD94 /* tags.json */,
				08C7D913270F6E1600EC3984 /* sheds.json */,
				08C7D915270F6E1600EC3984 /* items.json */,
			);
			path = Config;
			sourceTree = "<group>";
		};
		08ED0FD82719EAE10072CB90 /* CustomTabBar */ = {
			isa = PBXGroup;
			children = (
				08ED0FD92719EAE10072CB90 /* TabBarItem.swift */,
				08ED0FDA2719EAE10072CB90 /* CustomTabBarView.swift */,
				08ED0FDB2719EAE10072CB90 /* CustomTabView.swift */,
				08ED0FDC2719EAE10072CB90 /* TabBarItemsPreferenceKey.swift */,
			);
			path = CustomTabBar;
			sourceTree = "<group>";
		};
		08ED0FE32719ECEA0072CB90 /* Unused  */ = {
			isa = PBXGroup;
			children = (
				08371B67271E02820072AD94 /* Tags */,
				08ED0FE4271A2C8A0072CB90 /* UnusedCode.swift */,
				08C7D8D1270F480D00EC3984 /* LocationsListViewModel.swift */,
				08C7D903270F68EE00EC3984 /* ItemListDisplay.swift */,
				08C7D8D0270F480D00EC3984 /* CategorysTabView.swift */,
				08C7D8D6270F480E00EC3984 /* BrandsTabView.swift */,
				08371B2F271AB4940072AD94 /* Blur.swift */,
				08C7D8A1270F3D1800EC3984 /* MainView.swift */,
				08ED0FE6271A34EE0072CB90 /* NewTest.swift */,
				08371B24271A42890072AD94 /* TestView.swift */,
			);
			path = "Unused ";
			sourceTree = "<group>";
		};
/* End PBXGroup section */

/* Begin PBXNativeTarget section */
		08C7D89B270F3D1800EC3984 /* GearShed */ = {
			isa = PBXNativeTarget;
			buildConfigurationList = 08C7D8B0270F3D1D00EC3984 /* Build configuration list for PBXNativeTarget "GearShed" */;
			buildPhases = (
				08C7D898270F3D1800EC3984 /* Sources */,
				08C7D899270F3D1800EC3984 /* Frameworks */,
				08C7D89A270F3D1800EC3984 /* Resources */,
			);
			buildRules = (
			);
			dependencies = (
			);
			name = GearShed;
			packageProductDependencies = (
			);
			productName = GearShed;
			productReference = 08C7D89C270F3D1800EC3984 /* GearShed.app */;
			productType = "com.apple.product-type.application";
		};
/* End PBXNativeTarget section */

/* Begin PBXProject section */
		08C7D894270F3D1800EC3984 /* Project object */ = {
			isa = PBXProject;
			attributes = {
				LastSwiftUpdateCheck = 1250;
				LastUpgradeCheck = 1250;
				TargetAttributes = {
					08C7D89B270F3D1800EC3984 = {
						CreatedOnToolsVersion = 12.5.1;
					};
				};
			};
			buildConfigurationList = 08C7D897270F3D1800EC3984 /* Build configuration list for PBXProject "GearShed" */;
			compatibilityVersion = "Xcode 9.3";
			developmentRegion = en;
			hasScannedForEncodings = 0;
			knownRegions = (
				en,
				Base,
			);
			mainGroup = 08C7D893270F3D1700EC3984;
			packageReferences = (
			);
			productRefGroup = 08C7D89D270F3D1800EC3984 /* Products */;
			projectDirPath = "";
			projectRoot = "";
			targets = (
				08C7D89B270F3D1800EC3984 /* GearShed */,
			);
		};
/* End PBXProject section */

/* Begin PBXResourcesBuildPhase section */
		08C7D89A270F3D1800EC3984 /* Resources */ = {
			isa = PBXResourcesBuildPhase;
			buildActionMask = 2147483647;
			files = (
				08D67E1C2726815D0064F639 /* Configuration.storekit in Resources */,
				08C7D8A7270F3D1D00EC3984 /* Preview Assets.xcassets in Resources */,
				08C7D917270F6E1600EC3984 /* brands.json in Resources */,
				08371B6E271E08A20072AD94 /* tags.json in Resources */,
				084EDA11272B5C9900475891 /* HelveticaNeue.ttc in Resources */,
				08C7D918270F6E1600EC3984 /* items.json in Resources */,
				08C7D8A4270F3D1D00EC3984 /* Assets.xcassets in Resources */,
				08C7D916270F6E1600EC3984 /* sheds.json in Resources */,
			);
			runOnlyForDeploymentPostprocessing = 0;
		};
/* End PBXResourcesBuildPhase section */

/* Begin PBXSourcesBuildPhase section */
		08C7D898270F3D1800EC3984 /* Sources */ = {
			isa = PBXSourcesBuildPhase;
			buildActionMask = 2147483647;
			files = (
				08371B25271A42890072AD94 /* TestView.swift in Sources */,
				08A7D0062729F62F006FA3F7 /* ItemRowViewInWishlist.swift in Sources */,
				08371B70271E56C00072AD94 /* AddOrModifyTagView.swift in Sources */,
				08C7D91C270F719B00EC3984 /* ItemRowView.swift in Sources */,
				08C7D8F8270F65E100EC3984 /* SLSectionHeaderView.swift in Sources */,
				08D67E0D27250F5A0064F639 /* ProductView.swift in Sources */,
				08D67E11272523680064F639 /* SKProduct-LocalizedPrice.swift in Sources */,
				08C7D8F6270F65E100EC3984 /* SLSimpleHeaderView.swift in Sources */,
				08D67E152725EEA60064F639 /* ToggleStyles.swift in Sources */,
				08C7D8F4270F65E100EC3984 /* SLFormLabelText.swift in Sources */,
				08C7D8AC270F3D1D00EC3984 /* GearShed.xcdatamodeld in Sources */,
				08C7D92E270F844C00EC3984 /* AddListView.swift in Sources */,
				08C7D902270F680400EC3984 /* ConfirmationAlertProtocol.swift in Sources */,
				08371B3F271B72BF0072AD94 /* UIApplication.swift in Sources */,
				08371B2A271AA4DB0072AD94 /* HomeView.swift in Sources */,
				08371B61271DFED90072AD94 /* AllBrandView.swift in Sources */,
				08371B65271DFEF80072AD94 /* AllWishListView.swift in Sources */,
				08C7D8DE270F480E00EC3984 /* AddBrandView.swift in Sources */,
				08C7D90B270F6D1D00EC3984 /* Brand+Extension.swift in Sources */,
				08C7D8BE270F42AD00EC3984 /* DevTools.swift in Sources */,
				08ED0FD72719DA490072CB90 /* ViewModel.swift in Sources */,
				08C7D8CC270F475A00EC3984 /* NotificationName+Extensions.swift in Sources */,
				08371B5F271DFEC90072AD94 /* AllCategoryView.swift in Sources */,
				08C7D8CA270F475A00EC3984 /* View+Extensions.swift in Sources */,
				080015AA27277C2B00E1BE4C /* OffsetTabView.swift in Sources */,
				084EDA15272BAFD900475891 /* CustomTabBar.swift in Sources */,
				08C7D93E2710EEEE00EC3984 /* AddItemToTripSheet.swift in Sources */,
				080015AF272787E700E1BE4C /* AllRegretsView.swift in Sources */,
				08ED0FE5271A2C8A0072CB90 /* UnusedCode.swift in Sources */,
				08D67E0C27250F5A0064F639 /* UnlockManager.swift in Sources */,
				08C7D900270F680400EC3984 /* ConfirmationAlerts.swift in Sources */,
				08C7D920270F72F700EC3984 /* ItemContextMenu.swift in Sources */,
				08371B3B271B72BF0072AD94 /* Date.swift in Sources */,
				08C7D8D8270F480E00EC3984 /* CategorysTabView.swift in Sources */,
				08A7D0042729F604006FA3F7 /* ItemRowViewForList.swift in Sources */,
				080015A3272730F400E1BE4C /* Gearlist+Extension.swift in Sources */,
				0853ABF8271F824700123497 /* ModifyBrandView.swift in Sources */,
				080015A5272731DB00E1BE4C /* EditableGearlistData.swift in Sources */,
				08A7D0022729F5C6006FA3F7 /* ItemRowViewInShed.swift in Sources */,
				08371B48271BB1DC0072AD94 /* GearlistContextMenu.swift in Sources */,
				08371B3D271B72BF0072AD94 /* Color.swift in Sources */,
				08C7D8CB270F475A00EC3984 /* Bundle+Extensions.swift in Sources */,
				08C7D8C9270F475A00EC3984 /* Sequence+Extensions.swift in Sources */,
				080015AB27277C2B00E1BE4C /* Home.swift in Sources */,
				08371B3C271B72BF0072AD94 /* Double.swift in Sources */,
				08C7D8DC270F480E00EC3984 /* BrandRowView.swift in Sources */,
				08C7D91A270F70F400EC3984 /* AllGearLists.swift in Sources */,
				08371B50271BC5010072AD94 /* GearShedData.swift in Sources */,
				080015AC27277C2B00E1BE4C /* PagerHelper.swift in Sources */,
				08C7D912270F6DFC00EC3984 /* CategoryCodableProxy.swift in Sources */,
				08C7D8D9270F480E00EC3984 /* LocationsListViewModel.swift in Sources */,
				08C7D8F1270F65E100EC3984 /* EmptyTripView.swift in Sources */,
				08C7D8A9270F3D1D00EC3984 /* PersistentStore.swift in Sources */,
				08C7D925270F7BFB00EC3984 /* Trip+Extension.swift in Sources */,
				086C925227238D03009F962D /* ModifyItemView.swift in Sources */,
				08371B56271C8ABD0072AD94 /* Sorting+Extension.swift in Sources */,
				08C7D8F5270F65E100EC3984 /* EmptyCatelogView.swift in Sources */,
				084EDA13272BAE2B00475891 /* ContentView.swift in Sources */,
				08D67E052724888A0064F639 /* Transition+Extension.swift in Sources */,
				08C7D8F3270F65E100EC3984 /* SLSliderControl.swift in Sources */,
				08371B30271AB4940072AD94 /* Blur.swift in Sources */,
				08C7D8CE270F475A00EC3984 /* NSManagedObject+Extensions.swift in Sources */,
				08D67E0F27250F5A0064F639 /* UnlockView.swift in Sources */,
				08C7D921270F72F700EC3984 /* SectionData.swift in Sources */,
				08C7D910270F6DFC00EC3984 /* BrandCodableProxy.swift in Sources */,
				08371B40271B72BF0072AD94 /* String.swift in Sources */,
				08C7D904270F68EE00EC3984 /* ItemListDisplay.swift in Sources */,
				08A7CFFB2728A088006FA3F7 /* AddMoreItemView.swift in Sources */,
				08C7D8DD270F480E00EC3984 /* BrandsTabView.swift in Sources */,
				08C7D8F9270F65E100EC3984 /* SelectionIndicatorView.swift in Sources */,
				08C7D8B8270F41CC00EC3984 /* GearShedView.swift in Sources */,
				08ED0FDF2719EAE10072CB90 /* CustomTabBarView.swift in Sources */,
				08371B63271DFEE60072AD94 /* AllFavouriteView.swift in Sources */,
				08C7D909270F6D1D00EC3984 /* Item+Extensions.swift in Sources */,
				08A7CFFD2728D25D006FA3F7 /* CustomAlert.swift in Sources */,
				0853AC00271F983000123497 /* StatBarView.swift in Sources */,
				08C7D8DA270F480E00EC3984 /* ShedRowView.swift in Sources */,
				08ED0FDE2719EAE10072CB90 /* TabBarItem.swift in Sources */,
				0853ABFC271F8E3300123497 /* BrandDetailView.swift in Sources */,
				08C7D90A270F6D1D00EC3984 /* Category+Extensions.swift in Sources */,
				08C7D8C8270F475A00EC3984 /* String+Extensions.swift in Sources */,
				08C7D8CD270F475A00EC3984 /* Date+Extensions.swift in Sources */,
				08ED0FE02719EAE10072CB90 /* CustomTabView.swift in Sources */,
				08C7D911270F6DFC00EC3984 /* ItemCodableProxy.swift in Sources */,
				08C7D8E5270F485300EC3984 /* EditableItemData.swift in Sources */,
				08D67E13272529730064F639 /* PersistantStore+StoreKit.swift in Sources */,
				08ED0FE12719EAE10072CB90 /* TabBarItemsPreferenceKey.swift in Sources */,
				08C7D929270F7F7500EC3984 /* GearlistDetailView.swift in Sources */,
				08C7D8BA270F41F300EC3984 /* GearlistView.swift in Sources */,
				08C7D923270F7AFC00EC3984 /* EditableTripData.swift in Sources */,
				08371B5B271D0B1C0072AD94 /* NavBarColorModifier.swift in Sources */,
				08C7D8DB270F480E00EC3984 /* AddShedView.swift in Sources */,
				08371B69271E029B0072AD94 /* TagRowView.swift in Sources */,
				08371B4A271BB2F30072AD94 /* GearlistData.swift in Sources */,
				08371B72271E5B6D0072AD94 /* ItemDetailView.swift in Sources */,
				08C7D930270F846500EC3984 /* TripItemsSelector.swift in Sources */,
				08ED0FE7271A34EE0072CB90 /* NewTest.swift in Sources */,
				08D67E03272488000064F639 /* SegmentedPicker.swift in Sources */,
				08C7D8F2270F65E100EC3984 /* SearchBarView.swift in Sources */,
				08C7D8A2270F3D1800EC3984 /* MainView.swift in Sources */,
				0853ABFE271F8EF100123497 /* ShedDetailView.swift in Sources */,
				08ED0FE22719EAE10072CB90 /* AppTabBarView.swift in Sources */,
				08C7D8FB270F66EB00EC3984 /* AddItemView.swift in Sources */,
				08D67E0E27250F5A0064F639 /* PurchaseButton.swift in Sources */,
				08C7D8A0270F3D1800EC3984 /* GearShedApp.swift in Sources */,
				08C7D8F7270F65E100EC3984 /* SLCenteredButton.swift in Sources */,
				0853ABFA271F876F00123497 /* ModifyShedView.swift in Sources */,
				08C7D8BC270F422800EC3984 /* PreferencesTabView.swift in Sources */,
				08A7D0002729F597006FA3F7 /* ItemRowViewInBrand.swift in Sources */,
				08C7D927270F7DC200EC3984 /* GearlistRowView.swift in Sources */,
				08371B5D271DFEA20072AD94 /* AllItemsView.swift in Sources */,
			);
			runOnlyForDeploymentPostprocessing = 0;
		};
/* End PBXSourcesBuildPhase section */

/* Begin XCBuildConfiguration section */
		08C7D8AE270F3D1D00EC3984 /* Debug */ = {
			isa = XCBuildConfiguration;
			buildSettings = {
				ALWAYS_SEARCH_USER_PATHS = NO;
				CLANG_ANALYZER_NONNULL = YES;
				CLANG_ANALYZER_NUMBER_OBJECT_CONVERSION = YES_AGGRESSIVE;
				CLANG_CXX_LANGUAGE_STANDARD = "gnu++14";
				CLANG_CXX_LIBRARY = "libc++";
				CLANG_ENABLE_MODULES = YES;
				CLANG_ENABLE_OBJC_ARC = YES;
				CLANG_ENABLE_OBJC_WEAK = YES;
				CLANG_WARN_BLOCK_CAPTURE_AUTORELEASING = YES;
				CLANG_WARN_BOOL_CONVERSION = YES;
				CLANG_WARN_COMMA = YES;
				CLANG_WARN_CONSTANT_CONVERSION = YES;
				CLANG_WARN_DEPRECATED_OBJC_IMPLEMENTATIONS = YES;
				CLANG_WARN_DIRECT_OBJC_ISA_USAGE = YES_ERROR;
				CLANG_WARN_DOCUMENTATION_COMMENTS = YES;
				CLANG_WARN_EMPTY_BODY = YES;
				CLANG_WARN_ENUM_CONVERSION = YES;
				CLANG_WARN_INFINITE_RECURSION = YES;
				CLANG_WARN_INT_CONVERSION = YES;
				CLANG_WARN_NON_LITERAL_NULL_CONVERSION = YES;
				CLANG_WARN_OBJC_IMPLICIT_RETAIN_SELF = YES;
				CLANG_WARN_OBJC_LITERAL_CONVERSION = YES;
				CLANG_WARN_OBJC_ROOT_CLASS = YES_ERROR;
				CLANG_WARN_QUOTED_INCLUDE_IN_FRAMEWORK_HEADER = YES;
				CLANG_WARN_RANGE_LOOP_ANALYSIS = YES;
				CLANG_WARN_STRICT_PROTOTYPES = YES;
				CLANG_WARN_SUSPICIOUS_MOVE = YES;
				CLANG_WARN_UNGUARDED_AVAILABILITY = YES_AGGRESSIVE;
				CLANG_WARN_UNREACHABLE_CODE = YES;
				CLANG_WARN__DUPLICATE_METHOD_MATCH = YES;
				COPY_PHASE_STRIP = NO;
				DEBUG_INFORMATION_FORMAT = dwarf;
				ENABLE_STRICT_OBJC_MSGSEND = YES;
				ENABLE_TESTABILITY = YES;
				GCC_C_LANGUAGE_STANDARD = gnu11;
				GCC_DYNAMIC_NO_PIC = NO;
				GCC_NO_COMMON_BLOCKS = YES;
				GCC_OPTIMIZATION_LEVEL = 0;
				GCC_PREPROCESSOR_DEFINITIONS = (
					"DEBUG=1",
					"$(inherited)",
				);
				GCC_WARN_64_TO_32_BIT_CONVERSION = YES;
				GCC_WARN_ABOUT_RETURN_TYPE = YES_ERROR;
				GCC_WARN_UNDECLARED_SELECTOR = YES;
				GCC_WARN_UNINITIALIZED_AUTOS = YES_AGGRESSIVE;
				GCC_WARN_UNUSED_FUNCTION = YES;
				GCC_WARN_UNUSED_VARIABLE = YES;
				IPHONEOS_DEPLOYMENT_TARGET = 14.5;
				MTL_ENABLE_DEBUG_INFO = INCLUDE_SOURCE;
				MTL_FAST_MATH = YES;
				ONLY_ACTIVE_ARCH = YES;
				SDKROOT = iphoneos;
				SWIFT_ACTIVE_COMPILATION_CONDITIONS = DEBUG;
				SWIFT_OPTIMIZATION_LEVEL = "-Onone";
			};
			name = Debug;
		};
		08C7D8AF270F3D1D00EC3984 /* Release */ = {
			isa = XCBuildConfiguration;
			buildSettings = {
				ALWAYS_SEARCH_USER_PATHS = NO;
				CLANG_ANALYZER_NONNULL = YES;
				CLANG_ANALYZER_NUMBER_OBJECT_CONVERSION = YES_AGGRESSIVE;
				CLANG_CXX_LANGUAGE_STANDARD = "gnu++14";
				CLANG_CXX_LIBRARY = "libc++";
				CLANG_ENABLE_MODULES = YES;
				CLANG_ENABLE_OBJC_ARC = YES;
				CLANG_ENABLE_OBJC_WEAK = YES;
				CLANG_WARN_BLOCK_CAPTURE_AUTORELEASING = YES;
				CLANG_WARN_BOOL_CONVERSION = YES;
				CLANG_WARN_COMMA = YES;
				CLANG_WARN_CONSTANT_CONVERSION = YES;
				CLANG_WARN_DEPRECATED_OBJC_IMPLEMENTATIONS = YES;
				CLANG_WARN_DIRECT_OBJC_ISA_USAGE = YES_ERROR;
				CLANG_WARN_DOCUMENTATION_COMMENTS = YES;
				CLANG_WARN_EMPTY_BODY = YES;
				CLANG_WARN_ENUM_CONVERSION = YES;
				CLANG_WARN_INFINITE_RECURSION = YES;
				CLANG_WARN_INT_CONVERSION = YES;
				CLANG_WARN_NON_LITERAL_NULL_CONVERSION = YES;
				CLANG_WARN_OBJC_IMPLICIT_RETAIN_SELF = YES;
				CLANG_WARN_OBJC_LITERAL_CONVERSION = YES;
				CLANG_WARN_OBJC_ROOT_CLASS = YES_ERROR;
				CLANG_WARN_QUOTED_INCLUDE_IN_FRAMEWORK_HEADER = YES;
				CLANG_WARN_RANGE_LOOP_ANALYSIS = YES;
				CLANG_WARN_STRICT_PROTOTYPES = YES;
				CLANG_WARN_SUSPICIOUS_MOVE = YES;
				CLANG_WARN_UNGUARDED_AVAILABILITY = YES_AGGRESSIVE;
				CLANG_WARN_UNREACHABLE_CODE = YES;
				CLANG_WARN__DUPLICATE_METHOD_MATCH = YES;
				COPY_PHASE_STRIP = NO;
				DEBUG_INFORMATION_FORMAT = "dwarf-with-dsym";
				ENABLE_NS_ASSERTIONS = NO;
				ENABLE_STRICT_OBJC_MSGSEND = YES;
				GCC_C_LANGUAGE_STANDARD = gnu11;
				GCC_NO_COMMON_BLOCKS = YES;
				GCC_WARN_64_TO_32_BIT_CONVERSION = YES;
				GCC_WARN_ABOUT_RETURN_TYPE = YES_ERROR;
				GCC_WARN_UNDECLARED_SELECTOR = YES;
				GCC_WARN_UNINITIALIZED_AUTOS = YES_AGGRESSIVE;
				GCC_WARN_UNUSED_FUNCTION = YES;
				GCC_WARN_UNUSED_VARIABLE = YES;
				IPHONEOS_DEPLOYMENT_TARGET = 14.5;
				MTL_ENABLE_DEBUG_INFO = NO;
				MTL_FAST_MATH = YES;
				SDKROOT = iphoneos;
				SWIFT_COMPILATION_MODE = wholemodule;
				SWIFT_OPTIMIZATION_LEVEL = "-O";
				VALIDATE_PRODUCT = YES;
			};
			name = Release;
		};
		08C7D8B1270F3D1D00EC3984 /* Debug */ = {
			isa = XCBuildConfiguration;
			buildSettings = {
				ASSETCATALOG_COMPILER_APPICON_NAME = AppIcon;
				ASSETCATALOG_COMPILER_GLOBAL_ACCENT_COLOR_NAME = AccentColor;
				CODE_SIGN_ENTITLEMENTS = GearShed/Config/GearShed.entitlements;
				CODE_SIGN_IDENTITY = "Apple Development";
				CODE_SIGN_STYLE = Automatic;
				DEVELOPMENT_ASSET_PATHS = "\"GearShed/Config/Preview Content\"";
				DEVELOPMENT_TEAM = 7RGH8ZBBW8;
				ENABLE_PREVIEWS = YES;
				INFOPLIST_FILE = GearShed/Config/Info.plist;
				IPHONEOS_DEPLOYMENT_TARGET = 14.0;
				LD_RUNPATH_SEARCH_PATHS = (
					"$(inherited)",
					"@executable_path/Frameworks",
				);
				PRODUCT_BUNDLE_IDENTIFIER = app.gearshed.GearShed;
				PRODUCT_NAME = "$(TARGET_NAME)";
				PROVISIONING_PROFILE_SPECIFIER = "";
				SWIFT_VERSION = 5.0;
				TARGETED_DEVICE_FAMILY = "1,2";
			};
			name = Debug;
		};
		08C7D8B2270F3D1D00EC3984 /* Release */ = {
			isa = XCBuildConfiguration;
			buildSettings = {
				ASSETCATALOG_COMPILER_APPICON_NAME = AppIcon;
				ASSETCATALOG_COMPILER_GLOBAL_ACCENT_COLOR_NAME = AccentColor;
				CODE_SIGN_ENTITLEMENTS = GearShed/Config/GearShed.entitlements;
				CODE_SIGN_IDENTITY = "Apple Development";
				CODE_SIGN_STYLE = Automatic;
				DEVELOPMENT_ASSET_PATHS = "\"GearShed/Config/Preview Content\"";
				DEVELOPMENT_TEAM = 7RGH8ZBBW8;
				ENABLE_PREVIEWS = YES;
				INFOPLIST_FILE = GearShed/Config/Info.plist;
				IPHONEOS_DEPLOYMENT_TARGET = 14.0;
				LD_RUNPATH_SEARCH_PATHS = (
					"$(inherited)",
					"@executable_path/Frameworks",
				);
				PRODUCT_BUNDLE_IDENTIFIER = app.gearshed.GearShed;
				PRODUCT_NAME = "$(TARGET_NAME)";
				PROVISIONING_PROFILE_SPECIFIER = "";
				SWIFT_VERSION = 5.0;
				TARGETED_DEVICE_FAMILY = "1,2";
			};
			name = Release;
		};
/* End XCBuildConfiguration section */

/* Begin XCConfigurationList section */
		08C7D897270F3D1800EC3984 /* Build configuration list for PBXProject "GearShed" */ = {
			isa = XCConfigurationList;
			buildConfigurations = (
				08C7D8AE270F3D1D00EC3984 /* Debug */,
				08C7D8AF270F3D1D00EC3984 /* Release */,
			);
			defaultConfigurationIsVisible = 0;
			defaultConfigurationName = Release;
		};
		08C7D8B0270F3D1D00EC3984 /* Build configuration list for PBXNativeTarget "GearShed" */ = {
			isa = XCConfigurationList;
			buildConfigurations = (
				08C7D8B1270F3D1D00EC3984 /* Debug */,
				08C7D8B2270F3D1D00EC3984 /* Release */,
			);
			defaultConfigurationIsVisible = 0;
			defaultConfigurationName = Release;
		};
/* End XCConfigurationList section */

/* Begin XCVersionGroup section */
		08C7D8AA270F3D1D00EC3984 /* GearShed.xcdatamodeld */ = {
			isa = XCVersionGroup;
			children = (
				08C7D8AB270F3D1D00EC3984 /* GearShed.xcdatamodel */,
			);
			currentVersion = 08C7D8AB270F3D1D00EC3984 /* GearShed.xcdatamodel */;
			path = GearShed.xcdatamodeld;
			sourceTree = "<group>";
			versionGroupType = wrapper.xcdatamodel;
		};
/* End XCVersionGroup section */
	};
	rootObject = 08C7D894270F3D1800EC3984 /* Project object */;
}
